
Microsoft Visual Studio Solution File, Format Version 12.00
# Visual Studio Version 16
VisualStudioVersion = 16.0.30011.22
MinimumVisualStudioVersion = 10.0.40219.1
Project("{9A19103F-16F7-4668-BE54-9A1E7A4F7556}") = "Aco.Business", "Aco.Business\Aco.Business.csproj", "{2159388A-0AB8-4176-8315-2767EC80D327}"
EndProject
Project("{9A19103F-16F7-4668-BE54-9A1E7A4F7556}") = "Aco.Core", "Aco.Core\Aco.Core.csproj", "{E40C0FD6-492A-4B69-A489-EA12A4DE069A}"
EndProject
Project("{9A19103F-16F7-4668-BE54-9A1E7A4F7556}") = "Aco.DataAccessLayer", "Aco.DataAccessLayer\Aco.DataAccessLayer.csproj", "{E758FF71-2451-41A1-86AB-B97BCA02234A}"
EndProject
Project("{9A19103F-16F7-4668-BE54-9A1E7A4F7556}") = "Aco.Entity", "Aco.Entity\Aco.Entity.csproj", "{205ED0D4-B29E-4E5A-A7ED-E205498668EB}"
EndProject
Project("{9A19103F-16F7-4668-BE54-9A1E7A4F7556}") = "Aco.WebApi", "Aco.WebApi\Aco.WebApi.csproj", "{3E5202E4-9CB4-4CD6-82BA-04B316D27DC6}"
EndProject
Global
	GlobalSection(SolutionConfigurationPlatforms) = preSolution
		Debug|Any CPU = Debug|Any CPU
		Release|Any CPU = Release|Any CPU
	EndGlobalSection
	GlobalSection(ProjectConfigurationPlatforms) = postSolution
		{2159388A-0AB8-4176-8315-2767EC80D327}.Debug|Any CPU.ActiveCfg = Debug|Any CPU
		{2159388A-0AB8-4176-8315-2767EC80D327}.Debug|Any CPU.Build.0 = Debug|Any CPU
		{2159388A-0AB8-4176-8315-2767EC80D327}.Release|Any CPU.ActiveCfg = Release|Any CPU
		{2159388A-0AB8-4176-8315-2767EC80D327}.Release|Any CPU.Build.0 = Release|Any CPU
		{E40C0FD6-492A-4B69-A489-EA12A4DE069A}.Debug|Any CPU.ActiveCfg = Debug|Any CPU
		{E40C0FD6-492A-4B69-A489-EA12A4DE069A}.Debug|Any CPU.Build.0 = Debug|Any CPU
		{E40C0FD6-492A-4B69-A489-EA12A4DE069A}.Release|Any CPU.ActiveCfg = Release|Any CPU
		{E40C0FD6-492A-4B69-A489-EA12A4DE069A}.Release|Any CPU.Build.0 = Release|Any CPU
		{E758FF71-2451-41A1-86AB-B97BCA02234A}.Debug|Any CPU.ActiveCfg = Debug|Any CPU
		{E758FF71-2451-41A1-86AB-B97BCA02234A}.Debug|Any CPU.Build.0 = Debug|Any CPU
		{E758FF71-2451-41A1-86AB-B97BCA02234A}.Release|Any CPU.ActiveCfg = Release|Any CPU
		{E758FF71-2451-41A1-86AB-B97BCA02234A}.Release|Any CPU.Build.0 = Release|Any CPU
		{205ED0D4-B29E-4E5A-A7ED-E205498668EB}.Debug|Any CPU.ActiveCfg = Debug|Any CPU
		{205ED0D4-B29E-4E5A-A7ED-E205498668EB}.Debug|Any CPU.Build.0 = Debug|Any CPU
		{205ED0D4-B29E-4E5A-A7ED-E205498668EB}.Release|Any CPU.ActiveCfg = Release|Any CPU
		{205ED0D4-B29E-4E5A-A7ED-E205498668EB}.Release|Any CPU.Build.0 = Release|Any CPU
		{3E5202E4-9CB4-4CD6-82BA-04B316D27DC6}.Debug|Any CPU.ActiveCfg = Debug|Any CPU
		{3E5202E4-9CB4-4CD6-82BA-04B316D27DC6}.Debug|Any CPU.Build.0 = Debug|Any CPU
		{3E5202E4-9CB4-4CD6-82BA-04B316D27DC6}.Release|Any CPU.ActiveCfg = Release|Any CPU
		{3E5202E4-9CB4-4CD6-82BA-04B316D27DC6}.Release|Any CPU.Build.0 = Release|Any CPU
	EndGlobalSection
	GlobalSection(SolutionProperties) = preSolution
		HideSolutionNode = FALSE
	EndGlobalSection
	GlobalSection(ExtensibilityGlobals) = postSolution
		SolutionGuid = {285C7624-286D-4A24-A119-E6850FB8DAE1}
	EndGlobalSection
EndGlobal
