
Microsoft Visual Studio Solution File, Format Version 12.00
# Visual Studio Version 16
VisualStudioVersion = 16.0.30011.22
MinimumVisualStudioVersion = 10.0.40219.1
Project("{FAE04EC0-301F-11D3-BF4B-00C04F79EFBC}") = "Aco.Entity", "Aco.Entity\Aco.Entity.csproj", "{6F2B852C-8D95-4F7D-94BD-29C52B3E9D0A}"
EndProject
Project("{FAE04EC0-301F-11D3-BF4B-00C04F79EFBC}") = "Aco.Core", "Aco.Core\Aco.Core.csproj", "{C398D828-CF8C-4D27-8CDA-87AFCABA451B}"
EndProject
Project("{FAE04EC0-301F-11D3-BF4B-00C04F79EFBC}") = "Aco.DataAccessLayer", "Aco.DataAccessLayer\Aco.DataAccessLayer.csproj", "{126E0A7C-4FE7-4986-B3FD-120132876C80}"
EndProject
Project("{FAE04EC0-301F-11D3-BF4B-00C04F79EFBC}") = "Aco.Business", "Aco.Business\Aco.Business.csproj", "{76F266F1-0E7C-402C-8A73-C2BF7C64913F}"
EndProject
Project("{FAE04EC0-301F-11D3-BF4B-00C04F79EFBC}") = "Aco.WebApi", "Aco.WebApi\Aco.WebApi.csproj", "{09A22FF8-FA0B-468C-B0D8-D725B2B42DD7}"
EndProject
Global
	GlobalSection(SolutionConfigurationPlatforms) = preSolution
		Debug|Any CPU = Debug|Any CPU
		Release|Any CPU = Release|Any CPU
	EndGlobalSection
	GlobalSection(ProjectConfigurationPlatforms) = postSolution
		{6F2B852C-8D95-4F7D-94BD-29C52B3E9D0A}.Debug|Any CPU.ActiveCfg = Debug|Any CPU
		{6F2B852C-8D95-4F7D-94BD-29C52B3E9D0A}.Debug|Any CPU.Build.0 = Debug|Any CPU
		{6F2B852C-8D95-4F7D-94BD-29C52B3E9D0A}.Release|Any CPU.ActiveCfg = Release|Any CPU
		{6F2B852C-8D95-4F7D-94BD-29C52B3E9D0A}.Release|Any CPU.Build.0 = Release|Any CPU
		{C398D828-CF8C-4D27-8CDA-87AFCABA451B}.Debug|Any CPU.ActiveCfg = Debug|Any CPU
		{C398D828-CF8C-4D27-8CDA-87AFCABA451B}.Debug|Any CPU.Build.0 = Debug|Any CPU
		{C398D828-CF8C-4D27-8CDA-87AFCABA451B}.Release|Any CPU.ActiveCfg = Release|Any CPU
		{C398D828-CF8C-4D27-8CDA-87AFCABA451B}.Release|Any CPU.Build.0 = Release|Any CPU
		{126E0A7C-4FE7-4986-B3FD-120132876C80}.Debug|Any CPU.ActiveCfg = Debug|Any CPU
		{126E0A7C-4FE7-4986-B3FD-120132876C80}.Debug|Any CPU.Build.0 = Debug|Any CPU
		{126E0A7C-4FE7-4986-B3FD-120132876C80}.Release|Any CPU.ActiveCfg = Release|Any CPU
		{126E0A7C-4FE7-4986-B3FD-120132876C80}.Release|Any CPU.Build.0 = Release|Any CPU
		{76F266F1-0E7C-402C-8A73-C2BF7C64913F}.Debug|Any CPU.ActiveCfg = Debug|Any CPU
		{76F266F1-0E7C-402C-8A73-C2BF7C64913F}.Debug|Any CPU.Build.0 = Debug|Any CPU
		{76F266F1-0E7C-402C-8A73-C2BF7C64913F}.Release|Any CPU.ActiveCfg = Release|Any CPU
		{76F266F1-0E7C-402C-8A73-C2BF7C64913F}.Release|Any CPU.Build.0 = Release|Any CPU
		{09A22FF8-FA0B-468C-B0D8-D725B2B42DD7}.Debug|Any CPU.ActiveCfg = Debug|Any CPU
		{09A22FF8-FA0B-468C-B0D8-D725B2B42DD7}.Debug|Any CPU.Build.0 = Debug|Any CPU
		{09A22FF8-FA0B-468C-B0D8-D725B2B42DD7}.Release|Any CPU.ActiveCfg = Release|Any CPU
		{09A22FF8-FA0B-468C-B0D8-D725B2B42DD7}.Release|Any CPU.Build.0 = Release|Any CPU
	EndGlobalSection
	GlobalSection(SolutionProperties) = preSolution
		HideSolutionNode = FALSE
	EndGlobalSection
	GlobalSection(ExtensibilityGlobals) = postSolution
		SolutionGuid = {285C7624-286D-4A24-A119-E6850FB8DAE1}
	EndGlobalSection
EndGlobal
